# This file is generated by running "yarn install" inside your project.
# Manual changes might be lost - proceed with caution!

__metadata:
  version: 4
  cacheKey: 8

"@skeldjs/hindenburg@link:../..::locator=hbplugin-translate-chat%40workspace%3A.":
  version: 0.0.0-use.local
  resolution: "@skeldjs/hindenburg@link:../..::locator=hbplugin-translate-chat%40workspace%3A."
  languageName: node
  linkType: soft

"@types/node-fetch@npm:^2.5.11":
  version: 2.5.11
  resolution: "@types/node-fetch@npm:2.5.11"
  dependencies:
    "@types/node": "*"
    form-data: ^3.0.0
  checksum: a52ee9a205ce3130404a1c8eb0a163aa013fb94c5c93150735dda55bd4d21a556713834b11f6f031721ad7c82d9d7f77d45436010cefc11e851f518dfeeaca3e
  languageName: node
  linkType: hard

"@types/node@npm:*":
  version: 15.12.5
  resolution: "@types/node@npm:15.12.5"
  checksum: 4550941a5db67f21bf1c54b2f76ef6fb56ced08583b6049fceef5972ef73791225c41b9a30ce36f496fded284dd736973b5e2107f4bd036d41f35550e3af3450
  languageName: node
  linkType: hard

"@types/ws@npm:^7.4.5":
  version: 7.4.5
  resolution: "@types/ws@npm:7.4.5"
  dependencies:
    "@types/node": "*"
  checksum: e38c11de8d8acd27a4412c2443b7ad2d044fe0a7f3f4c86af392184555bc9d9d334e735aff5b1b33a25b74ee0efe14a187cc9d0994675e18e14b6a7e9b2015c3
  languageName: node
  linkType: hard

"asynckit@npm:^0.4.0":
  version: 0.4.0
  resolution: "asynckit@npm:0.4.0"
  checksum: 7b78c451df768adba04e2d02e63e2d0bf3b07adcd6e42b4cf665cb7ce899bedd344c69a1dcbce355b5f972d597b25aaa1c1742b52cffd9caccb22f348114f6be
  languageName: node
  linkType: hard

"combined-stream@npm:^1.0.8":
  version: 1.0.8
  resolution: "combined-stream@npm:1.0.8"
  dependencies:
    delayed-stream: ~1.0.0
  checksum: 49fa4aeb4916567e33ea81d088f6584749fc90c7abec76fd516bf1c5aa5c79f3584b5ba3de6b86d26ddd64bae5329c4c7479343250cfe71c75bb366eae53bb7c
  languageName: node
  linkType: hard

"delayed-stream@npm:~1.0.0":
  version: 1.0.0
  resolution: "delayed-stream@npm:1.0.0"
  checksum: 46fe6e83e2cb1d85ba50bd52803c68be9bd953282fa7096f51fc29edd5d67ff84ff753c51966061e5ba7cb5e47ef6d36a91924eddb7f3f3483b1c560f77a0020
  languageName: node
  linkType: hard

"form-data@npm:^3.0.0":
  version: 3.0.1
  resolution: "form-data@npm:3.0.1"
  dependencies:
    asynckit: ^0.4.0
    combined-stream: ^1.0.8
    mime-types: ^2.1.12
  checksum: b019e8d35c8afc14a2bd8a7a92fa4f525a4726b6d5a9740e8d2623c30e308fbb58dc8469f90415a856698933c8479b01646a9dff33c87cc4e76d72aedbbf860d
  languageName: node
  linkType: hard

"hbplugin-translate-chat@workspace:.":
  version: 0.0.0-use.local
  resolution: "hbplugin-translate-chat@workspace:."
  dependencies:
    "@skeldjs/hindenburg": "link:../.."
    "@types/node-fetch": ^2.5.11
    "@types/ws": ^7.4.5
    node-fetch: ^2.6.1
    typescript: ^4.3.5
    ws: ^7.5.1
  languageName: unknown
  linkType: soft

"mime-db@npm:1.48.0":
  version: 1.48.0
  resolution: "mime-db@npm:1.48.0"
  checksum: d778392e474a5e78c24eef5a2894261f0ed168d2762c1ac2a115aa34c2274c9426178b92a6cc55e9edb8f13e7e9b8116380b0e61db9ff6d763e62876a65eea57
  languageName: node
  linkType: hard

"mime-types@npm:^2.1.12":
  version: 2.1.31
  resolution: "mime-types@npm:2.1.31"
  dependencies:
    mime-db: 1.48.0
  checksum: eb1612aa96403823c7a2ccb1a39d58ce11477e685560186e7d369d8164260fd6fc1eeb56fa23acb6a4050583f417b2a685b69c23eb2bd8ed169fb0c6e323740a
  languageName: node
  linkType: hard

"node-fetch@npm:^2.6.1":
  version: 2.6.1
  resolution: "node-fetch@npm:2.6.1"
  checksum: 91075bedd57879117e310fbcc36983ad5d699e522edb1ebcdc4ee5294c982843982652925c3532729fdc86b2d64a8a827797a745f332040d91823c8752ee4d7c
  languageName: node
  linkType: hard

typescript@^4.3.5:
  version: 4.3.5
  resolution: "typescript@npm:4.3.5"
  bin:
    tsc: bin/tsc
    tsserver: bin/tsserver
  checksum: bab033b5e2b0790dd35b77fd005df976ef80b8d84fd2c6e63cc31808151875beae9216e5a315fe7068e8499905c3c354248fe83272cdfc13b7705635f0c66c97
  languageName: node
  linkType: hard

"typescript@patch:typescript@^4.3.5#~builtin<compat/typescript>":
  version: 4.3.5
  resolution: "typescript@patch:typescript@npm%3A4.3.5#~builtin<compat/typescript>::version=4.3.5&hash=d8b4e7"
  bin:
    tsc: bin/tsc
    tsserver: bin/tsserver
  checksum: bc2c4fdf0f1557fdafe4ef74848c72ebd9c8c60829568248f869121aea2bb20e16649a252431d0acb185ec118143be22bed73d08f64379557810d82756afedde
  languageName: node
  linkType: hard

"ws@npm:^7.5.1":
  version: 7.5.1
  resolution: "ws@npm:7.5.1"
  peerDependencies:
    bufferutil: ^4.0.1
    utf-8-validate: ^5.0.2
  peerDependenciesMeta:
    bufferutil:
      optional: true
    utf-8-validate:
      optional: true
  checksum: b9da1b5dc8cd57725453b7f2305e39e21ddcfb5d908cc8ae8b12112b955f50d0d4921009f0f9d587000b0c72cb3748db329b3ddbd98e86829ffcf7b9700a58bf
  languageName: node
  linkType: hard
